{
    "_meta": {
        "hash": {
            "sha256": "33ffb3b2226b288a9cfb7926325e01b62b1a5f111aaf978bf9e4eda5bef8a73a"
        },
        "pipfile-spec": 6,
        "requires": {
            "python_version": "3.8"
        },
        "sources": [
            {
                "name": "pypi",
                "url": "https://pypi.org/simple",
                "verify_ssl": true
            }
        ]
    },
    "default": {
        "npm": {
            "hashes": [
                "sha256:84aefc83a3486d034c4c14f8bcd4b746b95b529289b0d042c268f6201c3034e9"
            ],
            "index": "pypi",
            "version": "==0.1.1"
        },
        "optional-django": {
            "hashes": [
                "sha256:77d6b9fb74bda30583e1af4683a39e0af725cea6003252bba75838f4939326c5"
            ],
            "version": "==0.1.0"
        },
        "vue": {
            "hashes": [
                "sha256:5d023c8bd2e1bc08ebc659164f428c30a09106a78ea6d3e41914c3c67f121fc3"
            ],
            "index": "pypi",
            "version": "==0.0.1"
        }
    },
    "develop": {}
}
